
Microsoft Visual Studio Solution File, Format Version 12.00
# Visual Studio 15
VisualStudioVersion = 15.0.27428.2015
MinimumVisualStudioVersion = 10.0.40219.1
Project("{9A19103F-16F7-4668-BE54-9A1E7A4F7556}") = "AuthenticationService", "AuthenticationService\AuthenticationService.csproj", "{EF372C2B-6BF3-4250-9BB1-EC183A473FC8}"
EndProject
Project("{00D1A9C2-B5F0-4AF3-8072-F6C62B433612}") = "SpaceWizzardsDB", "SpaceWizzardsDB\SpaceWizzardsDB.sqlproj", "{9201D834-1F08-4ED6-9577-8ECD56472533}"
EndProject
Global
	GlobalSection(SolutionConfigurationPlatforms) = preSolution
		Debug|Any CPU = Debug|Any CPU
		Release|Any CPU = Release|Any CPU
	EndGlobalSection
	GlobalSection(ProjectConfigurationPlatforms) = postSolution
		{EF372C2B-6BF3-4250-9BB1-EC183A473FC8}.Debug|Any CPU.ActiveCfg = Debug|Any CPU
		{EF372C2B-6BF3-4250-9BB1-EC183A473FC8}.Debug|Any CPU.Build.0 = Debug|Any CPU
		{EF372C2B-6BF3-4250-9BB1-EC183A473FC8}.Release|Any CPU.ActiveCfg = Release|Any CPU
		{EF372C2B-6BF3-4250-9BB1-EC183A473FC8}.Release|Any CPU.Build.0 = Release|Any CPU
		{9201D834-1F08-4ED6-9577-8ECD56472533}.Debug|Any CPU.ActiveCfg = Debug|Any CPU
		{9201D834-1F08-4ED6-9577-8ECD56472533}.Debug|Any CPU.Build.0 = Debug|Any CPU
		{9201D834-1F08-4ED6-9577-8ECD56472533}.Debug|Any CPU.Deploy.0 = Debug|Any CPU
		{9201D834-1F08-4ED6-9577-8ECD56472533}.Release|Any CPU.ActiveCfg = Release|Any CPU
		{9201D834-1F08-4ED6-9577-8ECD56472533}.Release|Any CPU.Build.0 = Release|Any CPU
		{9201D834-1F08-4ED6-9577-8ECD56472533}.Release|Any CPU.Deploy.0 = Release|Any CPU
	EndGlobalSection
	GlobalSection(SolutionProperties) = preSolution
		HideSolutionNode = FALSE
	EndGlobalSection
	GlobalSection(ExtensibilityGlobals) = postSolution
		SolutionGuid = {948A7812-E4F2-4D45-85A0-35F0D79D0319}
	EndGlobalSection
EndGlobal
